
Microsoft Visual Studio Solution File, Format Version 12.00
# Visual Studio 15
VisualStudioVersion = 15.0.26403.0
MinimumVisualStudioVersion = 10.0.40219.1
Project("{FAE04EC0-301F-11D3-BF4B-00C04F79EFBC}") = "VTSClient.Core", "VTSClient.Core\VTSClient.Core.csproj", "{BC1070A5-99B7-471D-B375-9C76FD0EE113}"
EndProject
Project("{FAE04EC0-301F-11D3-BF4B-00C04F79EFBC}") = "VTSClient.BLL", "VTSClient.BLL\VTSClient.BLL.csproj", "{D5EA0B2A-9CF2-4FBC-A3D2-B078558B8F0C}"
EndProject
Project("{FAE04EC0-301F-11D3-BF4B-00C04F79EFBC}") = "VTSClient.DAL", "VTSClient.DAL\VTSClient.DAL.csproj", "{5C7AFDCC-54F8-45DE-9053-A050B363CD1C}"
EndProject
Project("{FAE04EC0-301F-11D3-BF4B-00C04F79EFBC}") = "VTSClient.Droid", "VTSClient.Droid\VTSClient.Droid.csproj", "{3531FD54-282D-40EB-A695-EEDB4181741D}"
EndProject
Project("{FAE04EC0-301F-11D3-BF4B-00C04F79EFBC}") = "VTSClient.iOS", "VTSClient.iOS\VTSClient.iOS.csproj", "{2641E16F-C3D4-4FBA-80C9-72887B4576EE}"
EndProject
Project("{FAE04EC0-301F-11D3-BF4B-00C04F79EFBC}") = "VTSClient.Test", "VTSClient.Test\VTSClient.Test.csproj", "{AC1C0558-479A-43E8-BBEE-BDF0C3727407}"
EndProject
Global
	GlobalSection(SolutionConfigurationPlatforms) = preSolution
		Ad-Hoc|Any CPU = Ad-Hoc|Any CPU
		Ad-Hoc|iPhone = Ad-Hoc|iPhone
		Ad-Hoc|iPhoneSimulator = Ad-Hoc|iPhoneSimulator
		AppStore|Any CPU = AppStore|Any CPU
		AppStore|iPhone = AppStore|iPhone
		AppStore|iPhoneSimulator = AppStore|iPhoneSimulator
		Debug|Any CPU = Debug|Any CPU
		Debug|iPhone = Debug|iPhone
		Debug|iPhoneSimulator = Debug|iPhoneSimulator
		Release|Any CPU = Release|Any CPU
		Release|iPhone = Release|iPhone
		Release|iPhoneSimulator = Release|iPhoneSimulator
	EndGlobalSection
	GlobalSection(ProjectConfigurationPlatforms) = postSolution
		{BC1070A5-99B7-471D-B375-9C76FD0EE113}.Ad-Hoc|Any CPU.ActiveCfg = Release|Any CPU
		{BC1070A5-99B7-471D-B375-9C76FD0EE113}.Ad-Hoc|Any CPU.Build.0 = Release|Any CPU
		{BC1070A5-99B7-471D-B375-9C76FD0EE113}.Ad-Hoc|iPhone.ActiveCfg = Release|Any CPU
		{BC1070A5-99B7-471D-B375-9C76FD0EE113}.Ad-Hoc|iPhone.Build.0 = Release|Any CPU
		{BC1070A5-99B7-471D-B375-9C76FD0EE113}.Ad-Hoc|iPhoneSimulator.ActiveCfg = Release|Any CPU
		{BC1070A5-99B7-471D-B375-9C76FD0EE113}.Ad-Hoc|iPhoneSimulator.Build.0 = Release|Any CPU
		{BC1070A5-99B7-471D-B375-9C76FD0EE113}.AppStore|Any CPU.ActiveCfg = Release|Any CPU
		{BC1070A5-99B7-471D-B375-9C76FD0EE113}.AppStore|Any CPU.Build.0 = Release|Any CPU
		{BC1070A5-99B7-471D-B375-9C76FD0EE113}.AppStore|iPhone.ActiveCfg = Release|Any CPU
		{BC1070A5-99B7-471D-B375-9C76FD0EE113}.AppStore|iPhone.Build.0 = Release|Any CPU
		{BC1070A5-99B7-471D-B375-9C76FD0EE113}.AppStore|iPhoneSimulator.ActiveCfg = Release|Any CPU
		{BC1070A5-99B7-471D-B375-9C76FD0EE113}.AppStore|iPhoneSimulator.Build.0 = Release|Any CPU
		{BC1070A5-99B7-471D-B375-9C76FD0EE113}.Debug|Any CPU.ActiveCfg = Debug|Any CPU
		{BC1070A5-99B7-471D-B375-9C76FD0EE113}.Debug|Any CPU.Build.0 = Debug|Any CPU
		{BC1070A5-99B7-471D-B375-9C76FD0EE113}.Debug|iPhone.ActiveCfg = Debug|Any CPU
		{BC1070A5-99B7-471D-B375-9C76FD0EE113}.Debug|iPhone.Build.0 = Debug|Any CPU
		{BC1070A5-99B7-471D-B375-9C76FD0EE113}.Debug|iPhoneSimulator.ActiveCfg = Debug|Any CPU
		{BC1070A5-99B7-471D-B375-9C76FD0EE113}.Debug|iPhoneSimulator.Build.0 = Debug|Any CPU
		{BC1070A5-99B7-471D-B375-9C76FD0EE113}.Release|Any CPU.ActiveCfg = Release|Any CPU
		{BC1070A5-99B7-471D-B375-9C76FD0EE113}.Release|Any CPU.Build.0 = Release|Any CPU
		{BC1070A5-99B7-471D-B375-9C76FD0EE113}.Release|iPhone.ActiveCfg = Release|Any CPU
		{BC1070A5-99B7-471D-B375-9C76FD0EE113}.Release|iPhone.Build.0 = Release|Any CPU
		{BC1070A5-99B7-471D-B375-9C76FD0EE113}.Release|iPhoneSimulator.ActiveCfg = Release|Any CPU
		{BC1070A5-99B7-471D-B375-9C76FD0EE113}.Release|iPhoneSimulator.Build.0 = Release|Any CPU
		{D5EA0B2A-9CF2-4FBC-A3D2-B078558B8F0C}.Ad-Hoc|Any CPU.ActiveCfg = Release|Any CPU
		{D5EA0B2A-9CF2-4FBC-A3D2-B078558B8F0C}.Ad-Hoc|Any CPU.Build.0 = Release|Any CPU
		{D5EA0B2A-9CF2-4FBC-A3D2-B078558B8F0C}.Ad-Hoc|iPhone.ActiveCfg = Release|Any CPU
		{D5EA0B2A-9CF2-4FBC-A3D2-B078558B8F0C}.Ad-Hoc|iPhone.Build.0 = Release|Any CPU
		{D5EA0B2A-9CF2-4FBC-A3D2-B078558B8F0C}.Ad-Hoc|iPhoneSimulator.ActiveCfg = Release|Any CPU
		{D5EA0B2A-9CF2-4FBC-A3D2-B078558B8F0C}.Ad-Hoc|iPhoneSimulator.Build.0 = Release|Any CPU
		{D5EA0B2A-9CF2-4FBC-A3D2-B078558B8F0C}.AppStore|Any CPU.ActiveCfg = Release|Any CPU
		{D5EA0B2A-9CF2-4FBC-A3D2-B078558B8F0C}.AppStore|Any CPU.Build.0 = Release|Any CPU
		{D5EA0B2A-9CF2-4FBC-A3D2-B078558B8F0C}.AppStore|iPhone.ActiveCfg = Release|Any CPU
		{D5EA0B2A-9CF2-4FBC-A3D2-B078558B8F0C}.AppStore|iPhone.Build.0 = Release|Any CPU
		{D5EA0B2A-9CF2-4FBC-A3D2-B078558B8F0C}.AppStore|iPhoneSimulator.ActiveCfg = Release|Any CPU
		{D5EA0B2A-9CF2-4FBC-A3D2-B078558B8F0C}.AppStore|iPhoneSimulator.Build.0 = Release|Any CPU
		{D5EA0B2A-9CF2-4FBC-A3D2-B078558B8F0C}.Debug|Any CPU.ActiveCfg = Debug|Any CPU
		{D5EA0B2A-9CF2-4FBC-A3D2-B078558B8F0C}.Debug|Any CPU.Build.0 = Debug|Any CPU
		{D5EA0B2A-9CF2-4FBC-A3D2-B078558B8F0C}.Debug|iPhone.ActiveCfg = Debug|Any CPU
		{D5EA0B2A-9CF2-4FBC-A3D2-B078558B8F0C}.Debug|iPhone.Build.0 = Debug|Any CPU
		{D5EA0B2A-9CF2-4FBC-A3D2-B078558B8F0C}.Debug|iPhoneSimulator.ActiveCfg = Debug|Any CPU
		{D5EA0B2A-9CF2-4FBC-A3D2-B078558B8F0C}.Debug|iPhoneSimulator.Build.0 = Debug|Any CPU
		{D5EA0B2A-9CF2-4FBC-A3D2-B078558B8F0C}.Release|Any CPU.ActiveCfg = Release|Any CPU
		{D5EA0B2A-9CF2-4FBC-A3D2-B078558B8F0C}.Release|Any CPU.Build.0 = Release|Any CPU
		{D5EA0B2A-9CF2-4FBC-A3D2-B078558B8F0C}.Release|iPhone.ActiveCfg = Release|Any CPU
		{D5EA0B2A-9CF2-4FBC-A3D2-B078558B8F0C}.Release|iPhone.Build.0 = Release|Any CPU
		{D5EA0B2A-9CF2-4FBC-A3D2-B078558B8F0C}.Release|iPhoneSimulator.ActiveCfg = Release|Any CPU
		{D5EA0B2A-9CF2-4FBC-A3D2-B078558B8F0C}.Release|iPhoneSimulator.Build.0 = Release|Any CPU
		{5C7AFDCC-54F8-45DE-9053-A050B363CD1C}.Ad-Hoc|Any CPU.ActiveCfg = Release|Any CPU
		{5C7AFDCC-54F8-45DE-9053-A050B363CD1C}.Ad-Hoc|Any CPU.Build.0 = Release|Any CPU
		{5C7AFDCC-54F8-45DE-9053-A050B363CD1C}.Ad-Hoc|iPhone.ActiveCfg = Release|Any CPU
		{5C7AFDCC-54F8-45DE-9053-A050B363CD1C}.Ad-Hoc|iPhone.Build.0 = Release|Any CPU
		{5C7AFDCC-54F8-45DE-9053-A050B363CD1C}.Ad-Hoc|iPhoneSimulator.ActiveCfg = Release|Any CPU
		{5C7AFDCC-54F8-45DE-9053-A050B363CD1C}.Ad-Hoc|iPhoneSimulator.Build.0 = Release|Any CPU
		{5C7AFDCC-54F8-45DE-9053-A050B363CD1C}.AppStore|Any CPU.ActiveCfg = Release|Any CPU
		{5C7AFDCC-54F8-45DE-9053-A050B363CD1C}.AppStore|Any CPU.Build.0 = Release|Any CPU
		{5C7AFDCC-54F8-45DE-9053-A050B363CD1C}.AppStore|iPhone.ActiveCfg = Release|Any CPU
		{5C7AFDCC-54F8-45DE-9053-A050B363CD1C}.AppStore|iPhone.Build.0 = Release|Any CPU
		{5C7AFDCC-54F8-45DE-9053-A050B363CD1C}.AppStore|iPhoneSimulator.ActiveCfg = Release|Any CPU
		{5C7AFDCC-54F8-45DE-9053-A050B363CD1C}.AppStore|iPhoneSimulator.Build.0 = Release|Any CPU
		{5C7AFDCC-54F8-45DE-9053-A050B363CD1C}.Debug|Any CPU.ActiveCfg = Debug|Any CPU
		{5C7AFDCC-54F8-45DE-9053-A050B363CD1C}.Debug|Any CPU.Build.0 = Debug|Any CPU
		{5C7AFDCC-54F8-45DE-9053-A050B363CD1C}.Debug|iPhone.ActiveCfg = Debug|Any CPU
		{5C7AFDCC-54F8-45DE-9053-A050B363CD1C}.Debug|iPhone.Build.0 = Debug|Any CPU
		{5C7AFDCC-54F8-45DE-9053-A050B363CD1C}.Debug|iPhoneSimulator.ActiveCfg = Debug|Any CPU
		{5C7AFDCC-54F8-45DE-9053-A050B363CD1C}.Debug|iPhoneSimulator.Build.0 = Debug|Any CPU
		{5C7AFDCC-54F8-45DE-9053-A050B363CD1C}.Release|Any CPU.ActiveCfg = Release|Any CPU
		{5C7AFDCC-54F8-45DE-9053-A050B363CD1C}.Release|Any CPU.Build.0 = Release|Any CPU
		{5C7AFDCC-54F8-45DE-9053-A050B363CD1C}.Release|iPhone.ActiveCfg = Release|Any CPU
		{5C7AFDCC-54F8-45DE-9053-A050B363CD1C}.Release|iPhone.Build.0 = Release|Any CPU
		{5C7AFDCC-54F8-45DE-9053-A050B363CD1C}.Release|iPhoneSimulator.ActiveCfg = Release|Any CPU
		{5C7AFDCC-54F8-45DE-9053-A050B363CD1C}.Release|iPhoneSimulator.Build.0 = Release|Any CPU
		{3531FD54-282D-40EB-A695-EEDB4181741D}.Ad-Hoc|Any CPU.ActiveCfg = Release|Any CPU
		{3531FD54-282D-40EB-A695-EEDB4181741D}.Ad-Hoc|Any CPU.Build.0 = Release|Any CPU
		{3531FD54-282D-40EB-A695-EEDB4181741D}.Ad-Hoc|Any CPU.Deploy.0 = Release|Any CPU
		{3531FD54-282D-40EB-A695-EEDB4181741D}.Ad-Hoc|iPhone.ActiveCfg = Release|Any CPU
		{3531FD54-282D-40EB-A695-EEDB4181741D}.Ad-Hoc|iPhone.Build.0 = Release|Any CPU
		{3531FD54-282D-40EB-A695-EEDB4181741D}.Ad-Hoc|iPhone.Deploy.0 = Release|Any CPU
		{3531FD54-282D-40EB-A695-EEDB4181741D}.Ad-Hoc|iPhoneSimulator.ActiveCfg = Release|Any CPU
		{3531FD54-282D-40EB-A695-EEDB4181741D}.Ad-Hoc|iPhoneSimulator.Build.0 = Release|Any CPU
		{3531FD54-282D-40EB-A695-EEDB4181741D}.Ad-Hoc|iPhoneSimulator.Deploy.0 = Release|Any CPU
		{3531FD54-282D-40EB-A695-EEDB4181741D}.AppStore|Any CPU.ActiveCfg = Release|Any CPU
		{3531FD54-282D-40EB-A695-EEDB4181741D}.AppStore|Any CPU.Build.0 = Release|Any CPU
		{3531FD54-282D-40EB-A695-EEDB4181741D}.AppStore|Any CPU.Deploy.0 = Release|Any CPU
		{3531FD54-282D-40EB-A695-EEDB4181741D}.AppStore|iPhone.ActiveCfg = Release|Any CPU
		{3531FD54-282D-40EB-A695-EEDB4181741D}.AppStore|iPhone.Build.0 = Release|Any CPU
		{3531FD54-282D-40EB-A695-EEDB4181741D}.AppStore|iPhone.Deploy.0 = Release|Any CPU
		{3531FD54-282D-40EB-A695-EEDB4181741D}.AppStore|iPhoneSimulator.ActiveCfg = Release|Any CPU
		{3531FD54-282D-40EB-A695-EEDB4181741D}.AppStore|iPhoneSimulator.Build.0 = Release|Any CPU
		{3531FD54-282D-40EB-A695-EEDB4181741D}.AppStore|iPhoneSimulator.Deploy.0 = Release|Any CPU
		{3531FD54-282D-40EB-A695-EEDB4181741D}.Debug|Any CPU.ActiveCfg = Debug|Any CPU
		{3531FD54-282D-40EB-A695-EEDB4181741D}.Debug|Any CPU.Build.0 = Debug|Any CPU
		{3531FD54-282D-40EB-A695-EEDB4181741D}.Debug|Any CPU.Deploy.0 = Debug|Any CPU
		{3531FD54-282D-40EB-A695-EEDB4181741D}.Debug|iPhone.ActiveCfg = Debug|Any CPU
		{3531FD54-282D-40EB-A695-EEDB4181741D}.Debug|iPhone.Build.0 = Debug|Any CPU
		{3531FD54-282D-40EB-A695-EEDB4181741D}.Debug|iPhone.Deploy.0 = Debug|Any CPU
		{3531FD54-282D-40EB-A695-EEDB4181741D}.Debug|iPhoneSimulator.ActiveCfg = Debug|Any CPU
		{3531FD54-282D-40EB-A695-EEDB4181741D}.Debug|iPhoneSimulator.Build.0 = Debug|Any CPU
		{3531FD54-282D-40EB-A695-EEDB4181741D}.Debug|iPhoneSimulator.Deploy.0 = Debug|Any CPU
		{3531FD54-282D-40EB-A695-EEDB4181741D}.Release|Any CPU.ActiveCfg = Release|Any CPU
		{3531FD54-282D-40EB-A695-EEDB4181741D}.Release|Any CPU.Build.0 = Release|Any CPU
		{3531FD54-282D-40EB-A695-EEDB4181741D}.Release|Any CPU.Deploy.0 = Release|Any CPU
		{3531FD54-282D-40EB-A695-EEDB4181741D}.Release|iPhone.ActiveCfg = Release|Any CPU
		{3531FD54-282D-40EB-A695-EEDB4181741D}.Release|iPhone.Build.0 = Release|Any CPU
		{3531FD54-282D-40EB-A695-EEDB4181741D}.Release|iPhone.Deploy.0 = Release|Any CPU
		{3531FD54-282D-40EB-A695-EEDB4181741D}.Release|iPhoneSimulator.ActiveCfg = Release|Any CPU
		{3531FD54-282D-40EB-A695-EEDB4181741D}.Release|iPhoneSimulator.Build.0 = Release|Any CPU
		{3531FD54-282D-40EB-A695-EEDB4181741D}.Release|iPhoneSimulator.Deploy.0 = Release|Any CPU
		{2641E16F-C3D4-4FBA-80C9-72887B4576EE}.Ad-Hoc|Any CPU.ActiveCfg = Ad-Hoc|iPhone
		{2641E16F-C3D4-4FBA-80C9-72887B4576EE}.Ad-Hoc|iPhone.ActiveCfg = Ad-Hoc|iPhone
		{2641E16F-C3D4-4FBA-80C9-72887B4576EE}.Ad-Hoc|iPhone.Build.0 = Ad-Hoc|iPhone
		{2641E16F-C3D4-4FBA-80C9-72887B4576EE}.Ad-Hoc|iPhoneSimulator.ActiveCfg = Ad-Hoc|iPhoneSimulator
		{2641E16F-C3D4-4FBA-80C9-72887B4576EE}.Ad-Hoc|iPhoneSimulator.Build.0 = Ad-Hoc|iPhoneSimulator
		{2641E16F-C3D4-4FBA-80C9-72887B4576EE}.AppStore|Any CPU.ActiveCfg = AppStore|iPhone
		{2641E16F-C3D4-4FBA-80C9-72887B4576EE}.AppStore|iPhone.ActiveCfg = AppStore|iPhone
		{2641E16F-C3D4-4FBA-80C9-72887B4576EE}.AppStore|iPhone.Build.0 = AppStore|iPhone
		{2641E16F-C3D4-4FBA-80C9-72887B4576EE}.AppStore|iPhoneSimulator.ActiveCfg = AppStore|iPhoneSimulator
		{2641E16F-C3D4-4FBA-80C9-72887B4576EE}.AppStore|iPhoneSimulator.Build.0 = AppStore|iPhoneSimulator
		{2641E16F-C3D4-4FBA-80C9-72887B4576EE}.Debug|Any CPU.ActiveCfg = Debug|iPhone
		{2641E16F-C3D4-4FBA-80C9-72887B4576EE}.Debug|iPhone.ActiveCfg = Debug|iPhone
		{2641E16F-C3D4-4FBA-80C9-72887B4576EE}.Debug|iPhone.Build.0 = Debug|iPhone
		{2641E16F-C3D4-4FBA-80C9-72887B4576EE}.Debug|iPhoneSimulator.ActiveCfg = Debug|iPhoneSimulator
		{2641E16F-C3D4-4FBA-80C9-72887B4576EE}.Debug|iPhoneSimulator.Build.0 = Debug|iPhoneSimulator
		{2641E16F-C3D4-4FBA-80C9-72887B4576EE}.Release|Any CPU.ActiveCfg = Release|iPhone
		{2641E16F-C3D4-4FBA-80C9-72887B4576EE}.Release|iPhone.ActiveCfg = Release|iPhone
		{2641E16F-C3D4-4FBA-80C9-72887B4576EE}.Release|iPhone.Build.0 = Release|iPhone
		{2641E16F-C3D4-4FBA-80C9-72887B4576EE}.Release|iPhoneSimulator.ActiveCfg = Release|iPhoneSimulator
		{2641E16F-C3D4-4FBA-80C9-72887B4576EE}.Release|iPhoneSimulator.Build.0 = Release|iPhoneSimulator
		{AC1C0558-479A-43E8-BBEE-BDF0C3727407}.Ad-Hoc|Any CPU.ActiveCfg = Debug|Any CPU
		{AC1C0558-479A-43E8-BBEE-BDF0C3727407}.Ad-Hoc|Any CPU.Build.0 = Debug|Any CPU
		{AC1C0558-479A-43E8-BBEE-BDF0C3727407}.Ad-Hoc|iPhone.ActiveCfg = Debug|Any CPU
		{AC1C0558-479A-43E8-BBEE-BDF0C3727407}.Ad-Hoc|iPhone.Build.0 = Debug|Any CPU
		{AC1C0558-479A-43E8-BBEE-BDF0C3727407}.Ad-Hoc|iPhoneSimulator.ActiveCfg = Debug|Any CPU
		{AC1C0558-479A-43E8-BBEE-BDF0C3727407}.Ad-Hoc|iPhoneSimulator.Build.0 = Debug|Any CPU
		{AC1C0558-479A-43E8-BBEE-BDF0C3727407}.AppStore|Any CPU.ActiveCfg = Debug|Any CPU
		{AC1C0558-479A-43E8-BBEE-BDF0C3727407}.AppStore|Any CPU.Build.0 = Debug|Any CPU
		{AC1C0558-479A-43E8-BBEE-BDF0C3727407}.AppStore|iPhone.ActiveCfg = Debug|Any CPU
		{AC1C0558-479A-43E8-BBEE-BDF0C3727407}.AppStore|iPhone.Build.0 = Debug|Any CPU
		{AC1C0558-479A-43E8-BBEE-BDF0C3727407}.AppStore|iPhoneSimulator.ActiveCfg = Debug|Any CPU
		{AC1C0558-479A-43E8-BBEE-BDF0C3727407}.AppStore|iPhoneSimulator.Build.0 = Debug|Any CPU
		{AC1C0558-479A-43E8-BBEE-BDF0C3727407}.Debug|Any CPU.ActiveCfg = Debug|Any CPU
		{AC1C0558-479A-43E8-BBEE-BDF0C3727407}.Debug|Any CPU.Build.0 = Debug|Any CPU
		{AC1C0558-479A-43E8-BBEE-BDF0C3727407}.Debug|iPhone.ActiveCfg = Debug|Any CPU
		{AC1C0558-479A-43E8-BBEE-BDF0C3727407}.Debug|iPhone.Build.0 = Debug|Any CPU
		{AC1C0558-479A-43E8-BBEE-BDF0C3727407}.Debug|iPhoneSimulator.ActiveCfg = Debug|Any CPU
		{AC1C0558-479A-43E8-BBEE-BDF0C3727407}.Debug|iPhoneSimulator.Build.0 = Debug|Any CPU
		{AC1C0558-479A-43E8-BBEE-BDF0C3727407}.Release|Any CPU.ActiveCfg = Release|Any CPU
		{AC1C0558-479A-43E8-BBEE-BDF0C3727407}.Release|Any CPU.Build.0 = Release|Any CPU
		{AC1C0558-479A-43E8-BBEE-BDF0C3727407}.Release|iPhone.ActiveCfg = Release|Any CPU
		{AC1C0558-479A-43E8-BBEE-BDF0C3727407}.Release|iPhone.Build.0 = Release|Any CPU
		{AC1C0558-479A-43E8-BBEE-BDF0C3727407}.Release|iPhoneSimulator.ActiveCfg = Release|Any CPU
		{AC1C0558-479A-43E8-BBEE-BDF0C3727407}.Release|iPhoneSimulator.Build.0 = Release|Any CPU
	EndGlobalSection
	GlobalSection(SolutionProperties) = preSolution
		HideSolutionNode = FALSE
	EndGlobalSection
EndGlobal
